{
  "lockfileVersion": 1,
  "configVersion": 1,
  "workspaces": {
    "": {
      "name": "quotio-monorepo",
      "devDependencies": {
        "@biomejs/biome": "^1.9.4",
        "@types/bun": "^1.3.5",
        "turbo": "^2.5.0",
        "typescript": "^5.8.0",
      },
    },
    "packages/cli": {
      "name": "@quotio/cli",
      "version": "0.1.0",
      "bin": {
        "quotio": "./dist/quotio",
      },
      "dependencies": {
        "@quotio/core": "workspace:*",
      },
      "devDependencies": {
        "@biomejs/biome": "^1.9.4",
        "@types/bun": "^1.3.5",
        "typescript": "^5.8.0",
      },
    },
    "packages/client": {
      "name": "@quotio/client",
      "version": "0.1.0",
      "dependencies": {
        "@quotio/cli": "workspace:*",
      },
      "devDependencies": {
        "@biomejs/biome": "^1.9.4",
        "@types/node": "^22.0.0",
        "typescript": "^5.8.0",
      },
    },
    "packages/core": {
      "name": "@quotio/core",
      "version": "0.1.0",
      "devDependencies": {
        "typescript": "^5.8.0",
      },
    },
    "packages/server": {
      "name": "@quotio/server",
      "version": "0.1.0",
      "bin": {
        "quotio-server": "./dist/quotio-server",
      },
      "dependencies": {
        "@quotio/core": "workspace:*",
        "hono": "^4.7.0",
        "zod": "^3.24.0",
      },
      "devDependencies": {
        "@types/bun": "^1.3.5",
        "typescript": "^5",
      },
    },
  },
  "packages": {
    "@biomejs/biome": ["@biomejs/biome@1.9.4", "", { "optionalDependencies": { "@biomejs/cli-darwin-arm64": "1.9.4", "@biomejs/cli-darwin-x64": "1.9.4", "@biomejs/cli-linux-arm64": "1.9.4", "@biomejs/cli-linux-arm64-musl": "1.9.4", "@biomejs/cli-linux-x64": "1.9.4", "@biomejs/cli-linux-x64-musl": "1.9.4", "@biomejs/cli-win32-arm64": "1.9.4", "@biomejs/cli-win32-x64": "1.9.4" }, "bin": { "biome": "bin/biome" } }, "sha512-1rkd7G70+o9KkTn5KLmDYXihGoTaIGO9PIIN2ZB7UJxFrWw04CZHPYiMRjYsaDvVV7hP1dYNRLxSANLaBFGpog=="],

    "@biomejs/cli-darwin-arm64": ["@biomejs/cli-darwin-arm64@1.9.4", "", { "os": "darwin", "cpu": "arm64" }, "sha512-bFBsPWrNvkdKrNCYeAp+xo2HecOGPAy9WyNyB/jKnnedgzl4W4Hb9ZMzYNbf8dMCGmUdSavlYHiR01QaYR58cw=="],

    "@biomejs/cli-darwin-x64": ["@biomejs/cli-darwin-x64@1.9.4", "", { "os": "darwin", "cpu": "x64" }, "sha512-ngYBh/+bEedqkSevPVhLP4QfVPCpb+4BBe2p7Xs32dBgs7rh9nY2AIYUL6BgLw1JVXV8GlpKmb/hNiuIxfPfZg=="],

    "@biomejs/cli-linux-arm64": ["@biomejs/cli-linux-arm64@1.9.4", "", { "os": "linux", "cpu": "arm64" }, "sha512-fJIW0+LYujdjUgJJuwesP4EjIBl/N/TcOX3IvIHJQNsAqvV2CHIogsmA94BPG6jZATS4Hi+xv4SkBBQSt1N4/g=="],

    "@biomejs/cli-linux-arm64-musl": ["@biomejs/cli-linux-arm64-musl@1.9.4", "", { "os": "linux", "cpu": "arm64" }, "sha512-v665Ct9WCRjGa8+kTr0CzApU0+XXtRgwmzIf1SeKSGAv+2scAlW6JR5PMFo6FzqqZ64Po79cKODKf3/AAmECqA=="],

    "@biomejs/cli-linux-x64": ["@biomejs/cli-linux-x64@1.9.4", "", { "os": "linux", "cpu": "x64" }, "sha512-lRCJv/Vi3Vlwmbd6K+oQ0KhLHMAysN8lXoCI7XeHlxaajk06u7G+UsFSO01NAs5iYuWKmVZjmiOzJ0OJmGsMwg=="],

    "@biomejs/cli-linux-x64-musl": ["@biomejs/cli-linux-x64-musl@1.9.4", "", { "os": "linux", "cpu": "x64" }, "sha512-gEhi/jSBhZ2m6wjV530Yy8+fNqG8PAinM3oV7CyO+6c3CEh16Eizm21uHVsyVBEB6RIM8JHIl6AGYCv6Q6Q9Tg=="],

    "@biomejs/cli-win32-arm64": ["@biomejs/cli-win32-arm64@1.9.4", "", { "os": "win32", "cpu": "arm64" }, "sha512-tlbhLk+WXZmgwoIKwHIHEBZUwxml7bRJgk0X2sPyNR3S93cdRq6XulAZRQJ17FYGGzWne0fgrXBKpl7l4M87Hg=="],

    "@biomejs/cli-win32-x64": ["@biomejs/cli-win32-x64@1.9.4", "", { "os": "win32", "cpu": "x64" }, "sha512-8Y5wMhVIPaWe6jw2H+KlEm4wP/f7EW3810ZLmDlrEEy5KvBsb9ECEfu/kMWD484ijfQ8+nIi0giMgu9g1UAuuA=="],

    "@quotio/cli": ["@quotio/cli@workspace:packages/cli"],

    "@quotio/client": ["@quotio/client@workspace:packages/client"],

    "@quotio/core": ["@quotio/core@workspace:packages/core"],

    "@quotio/server": ["@quotio/server@workspace:packages/server"],

    "@types/bun": ["@types/bun@1.3.6", "", { "dependencies": { "bun-types": "1.3.6" } }, "sha512-uWCv6FO/8LcpREhenN1d1b6fcspAB+cefwD7uti8C8VffIv0Um08TKMn98FynpTiU38+y2dUO55T11NgDt8VAA=="],

    "@types/node": ["@types/node@22.19.7", "", { "dependencies": { "undici-types": "~6.21.0" } }, "sha512-MciR4AKGHWl7xwxkBa6xUGxQJ4VBOmPTF7sL+iGzuahOFaO0jHCsuEfS80pan1ef4gWId1oWOweIhrDEYLuaOw=="],

    "bun-types": ["bun-types@1.3.6", "", { "dependencies": { "@types/node": "*" } }, "sha512-OlFwHcnNV99r//9v5IIOgQ9Uk37gZqrNMCcqEaExdkVq3Avwqok1bJFmvGMCkCE0FqzdY8VMOZpfpR3lwI+CsQ=="],

    "hono": ["hono@4.11.4", "", {}, "sha512-U7tt8JsyrxSRKspfhtLET79pU8K+tInj5QZXs1jSugO1Vq5dFj3kmZsRldo29mTBfcjDRVRXrEZ6LS63Cog9ZA=="],

    "turbo": ["turbo@2.7.4", "", { "optionalDependencies": { "turbo-darwin-64": "2.7.4", "turbo-darwin-arm64": "2.7.4", "turbo-linux-64": "2.7.4", "turbo-linux-arm64": "2.7.4", "turbo-windows-64": "2.7.4", "turbo-windows-arm64": "2.7.4" }, "bin": { "turbo": "bin/turbo" } }, "sha512-bkO4AddmDishzJB2ze7aYYPaejMoJVfS0XnaR6RCdXFOY8JGJfQE+l9fKiV7uDPa5Ut44gmOWJL3894CIMeH9g=="],

    "turbo-darwin-64": ["turbo-darwin-64@2.7.4", "", { "os": "darwin", "cpu": "x64" }, "sha512-xDR30ltfkSsRfGzABBckvl1nz1cZ3ssTujvdj+TPwOweeDRvZ0e06t5DS0rmRBvyKpgGs42K/EK6Mn2qLlFY9A=="],

    "turbo-darwin-arm64": ["turbo-darwin-arm64@2.7.4", "", { "os": "darwin", "cpu": "arm64" }, "sha512-P7sjqXtOL/+nYWPvcDGWhi8wf8M8mZHHB8XEzw2VX7VJrS8IGHyJHGD1AYfDvhAEcr7pnk3gGifz3/xyhI655w=="],

    "turbo-linux-64": ["turbo-linux-64@2.7.4", "", { "os": "linux", "cpu": "x64" }, "sha512-GofFOxRO/IhG8BcPyMSSB3Y2+oKQotsaYbHxL9yD6JPb20/o35eo+zUSyazOtilAwDHnak5dorAJFoFU8MIg2A=="],

    "turbo-linux-arm64": ["turbo-linux-arm64@2.7.4", "", { "os": "linux", "cpu": "arm64" }, "sha512-+RQKgNjksVPxYAyAgmDV7w/1qj++qca+nSNTAOKGOfJiDtSvRKoci89oftJ6anGs00uamLKVEQ712TI/tfNAIw=="],

    "turbo-windows-64": ["turbo-windows-64@2.7.4", "", { "os": "win32", "cpu": "x64" }, "sha512-rfak1+g+ON3czs1mDYsCS4X74ZmK6gOgRQTXjDICtzvR4o61paqtgAYtNPofcVsMWeF4wvCajSeoAkkeAnQ1kg=="],

    "turbo-windows-arm64": ["turbo-windows-arm64@2.7.4", "", { "os": "win32", "cpu": "arm64" }, "sha512-1ZgBNjNRbDu/fPeqXuX9i26x3CJ/Y1gcwUpQ+Vp7kN9Un6RZ9kzs164f/knrjcu5E+szCRexVjRSJay1k5jApA=="],

    "typescript": ["typescript@5.9.3", "", { "bin": { "tsc": "bin/tsc", "tsserver": "bin/tsserver" } }, "sha512-jl1vZzPDinLr9eUt3J/t7V6FgNEw9QjvBPdysz9KfQDD41fQrC2Y4vKQdiaUpFT4bXlb1RHhLpp8wtm6M5TgSw=="],

    "undici-types": ["undici-types@6.21.0", "", {}, "sha512-iwDZqg0QAGrg9Rav5H4n0M64c3mkR59cJ6wQp+7C4nI0gsmExaedaYLNO44eT4AtBBwjbTiGPMlt2Md0T9H9JQ=="],

    "zod": ["zod@3.25.76", "", {}, "sha512-gzUt/qt81nXsFGKIFcC3YnfEAx5NkunCfnDlvuBSSFS02bcXu4Lmea0AFIUwbLWxWPx3d9p8S5QoaujKcNQxcQ=="],

    "bun-types/@types/node": ["@types/node@25.0.9", "", { "dependencies": { "undici-types": "~7.16.0" } }, "sha512-/rpCXHlCWeqClNBwUhDcusJxXYDjZTyE8v5oTO7WbL8eij2nKhUeU89/6xgjU7N4/Vh3He0BtyhJdQbDyhiXAw=="],

    "bun-types/@types/node/undici-types": ["undici-types@7.16.0", "", {}, "sha512-Zz+aZWSj8LE6zoxD+xrjh4VfkIG8Ya6LvYkZqtUQGJPZjYl53ypCaUwWqo7eI0x66KBGeRo+mlBEkMSeSZ38Nw=="],
  }
}
